// !$*UTF8*$!
{
	archiveVersion = 1;
	classes = {
	};
	objectVersion = 46;
	objects = {

/* Begin PBXBuildFile section */
		742B7B7A1AD8FCB400102BDD /* Contacts.plist in Resources */ = {isa = PBXBuildFile; fileRef = 742B7B791AD8FCB400102BDD /* Contacts.plist */; };
		74ACF4D51AD8D030007418A8 /* AppDelegate.swift in Sources */ = {isa = PBXBuildFile; fileRef = 74ACF4D41AD8D030007418A8 /* AppDelegate.swift */; };
		74ACF4D71AD8D030007418A8 /* ViewController.swift in Sources */ = {isa = PBXBuildFile; fileRef = 74ACF4D61AD8D030007418A8 /* ViewController.swift */; };
		74ACF4DA1AD8D030007418A8 /* Main.storyboard in Resources */ = {isa = PBXBuildFile; fileRef = 74ACF4D81AD8D030007418A8 /* Main.storyboard */; };
		74ACF4DC1AD8D030007418A8 /* Images.xcassets in Resources */ = {isa = PBXBuildFile; fileRef = 74ACF4DB1AD8D030007418A8 /* Images.xcassets */; };
		74ACF4DF1AD8D030007418A8 /* LaunchScreen.xib in Resources */ = {isa = PBXBuildFile; fileRef = 74ACF4DD1AD8D030007418A8 /* LaunchScreen.xib */; };
		74ACF4EB1AD8D030007418A8 /* WatchAidTests.swift in Sources */ = {isa = PBXBuildFile; fileRef = 74ACF4EA1AD8D030007418A8 /* WatchAidTests.swift */; };
		74F6C2C01AD8D48A00ECF760 /* MainViewController.swift in Sources */ = {isa = PBXBuildFile; fileRef = 74F6C2BF1AD8D48A00ECF760 /* MainViewController.swift */; };
		74F6C2C81AD8DAE400ECF760 /* ContactsViewController.swift in Sources */ = {isa = PBXBuildFile; fileRef = 74F6C2C71AD8DAE400ECF760 /* ContactsViewController.swift */; };
		74F6C2CA1AD8E38000ECF760 /* NewContactViewController.swift in Sources */ = {isa = PBXBuildFile; fileRef = 74F6C2C91AD8E38000ECF760 /* NewContactViewController.swift */; };
		E972F8001AD8D1F8000C57E8 /* InterfaceController.swift in Sources */ = {isa = PBXBuildFile; fileRef = E972F7FF1AD8D1F8000C57E8 /* InterfaceController.swift */; };
		E972F8021AD8D1F8000C57E8 /* Images.xcassets in Resources */ = {isa = PBXBuildFile; fileRef = E972F8011AD8D1F8000C57E8 /* Images.xcassets */; };
		E972F8061AD8D1F8000C57E8 /* WatchAid WatchKit App.app in Resources */ = {isa = PBXBuildFile; fileRef = E972F8051AD8D1F8000C57E8 /* WatchAid WatchKit App.app */; };
		E972F80E1AD8D1F8000C57E8 /* Interface.storyboard in Resources */ = {isa = PBXBuildFile; fileRef = E972F80C1AD8D1F8000C57E8 /* Interface.storyboard */; };
		E972F8101AD8D1F8000C57E8 /* Images.xcassets in Resources */ = {isa = PBXBuildFile; fileRef = E972F80F1AD8D1F8000C57E8 /* Images.xcassets */; };
		E972F8131AD8D1F8000C57E8 /* WatchAid WatchKit Extension.appex in Embed App Extensions */ = {isa = PBXBuildFile; fileRef = E972F7FB1AD8D1F8000C57E8 /* WatchAid WatchKit Extension.appex */; settings = {ATTRIBUTES = (RemoveHeadersOnCopy, ); }; };
		E972F8201AD8FD10000C57E8 /* AudioToolbox.framework in Frameworks */ = {isa = PBXBuildFile; fileRef = E972F81F1AD8FD10000C57E8 /* AudioToolbox.framework */; };
		E972F8221AD8FD16000C57E8 /* CFNetwork.framework in Frameworks */ = {isa = PBXBuildFile; fileRef = E972F8211AD8FD16000C57E8 /* CFNetwork.framework */; };
		E972F8241AD8FD1B000C57E8 /* CoreGraphics.framework in Frameworks */ = {isa = PBXBuildFile; fileRef = E972F8231AD8FD1B000C57E8 /* CoreGraphics.framework */; };
		E972F8261AD8FD21000C57E8 /* CoreLocation.framework in Frameworks */ = {isa = PBXBuildFile; fileRef = E972F8251AD8FD21000C57E8 /* CoreLocation.framework */; };
		E972F8281AD8FD28000C57E8 /* MobileCoreServices.framework in Frameworks */ = {isa = PBXBuildFile; fileRef = E972F8271AD8FD28000C57E8 /* MobileCoreServices.framework */; };
		E972F82A1AD8FD2F000C57E8 /* QuartzCore.framework in Frameworks */ = {isa = PBXBuildFile; fileRef = E972F8291AD8FD2F000C57E8 /* QuartzCore.framework */; };
		E972F82C1AD8FD35000C57E8 /* Security.framework in Frameworks */ = {isa = PBXBuildFile; fileRef = E972F82B1AD8FD35000C57E8 /* Security.framework */; };
		E972F82E1AD8FD3D000C57E8 /* StoreKit.framework in Frameworks */ = {isa = PBXBuildFile; fileRef = E972F82D1AD8FD3D000C57E8 /* StoreKit.framework */; };
		E972F8301AD8FD47000C57E8 /* SystemConfiguration.framework in Frameworks */ = {isa = PBXBuildFile; fileRef = E972F82F1AD8FD47000C57E8 /* SystemConfiguration.framework */; };
		E972F8321AD8FD4F000C57E8 /* libz.dylib in Frameworks */ = {isa = PBXBuildFile; fileRef = E972F8311AD8FD4F000C57E8 /* libz.dylib */; };
		E972F8341AD8FD56000C57E8 /* libsqlite3.dylib in Frameworks */ = {isa = PBXBuildFile; fileRef = E972F8331AD8FD56000C57E8 /* libsqlite3.dylib */; };
		E972F8471AD8FDD1000C57E8 /* Bolts.framework in Frameworks */ = {isa = PBXBuildFile; fileRef = E972F8411AD8FDD1000C57E8 /* Bolts.framework */; };
		E972F8481AD8FDD1000C57E8 /* ParseCrashReporting.framework in Frameworks */ = {isa = PBXBuildFile; fileRef = E972F8421AD8FDD1000C57E8 /* ParseCrashReporting.framework */; };
		E972F8491AD8FDD1000C57E8 /* ParseUI.framework in Frameworks */ = {isa = PBXBuildFile; fileRef = E972F8431AD8FDD1000C57E8 /* ParseUI.framework */; };
		E972F84A1AD8FDD1000C57E8 /* ParseFacebookUtilsV4.framework in Frameworks */ = {isa = PBXBuildFile; fileRef = E972F8441AD8FDD1000C57E8 /* ParseFacebookUtilsV4.framework */; };
		E972F84B1AD8FDD1000C57E8 /* ParseFacebookUtils.framework in Frameworks */ = {isa = PBXBuildFile; fileRef = E972F8451AD8FDD1000C57E8 /* ParseFacebookUtils.framework */; };
		E972F84C1AD8FDD1000C57E8 /* Parse.framework in Frameworks */ = {isa = PBXBuildFile; fileRef = E972F8461AD8FDD1000C57E8 /* Parse.framework */; };
/* End PBXBuildFile section */

/* Begin PBXContainerItemProxy section */
		74ACF4E51AD8D030007418A8 /* PBXContainerItemProxy */ = {
			isa = PBXContainerItemProxy;
			containerPortal = 74ACF4C71AD8D030007418A8 /* Project object */;
			proxyType = 1;
			remoteGlobalIDString = 74ACF4CE1AD8D030007418A8;
			remoteInfo = WatchAid;
		};
		E972F8071AD8D1F8000C57E8 /* PBXContainerItemProxy */ = {
			isa = PBXContainerItemProxy;
			containerPortal = 74ACF4C71AD8D030007418A8 /* Project object */;
			proxyType = 1;
			remoteGlobalIDString = E972F8041AD8D1F8000C57E8;
			remoteInfo = "WatchAid WatchKit App";
		};
		E972F8111AD8D1F8000C57E8 /* PBXContainerItemProxy */ = {
			isa = PBXContainerItemProxy;
			containerPortal = 74ACF4C71AD8D030007418A8 /* Project object */;
			proxyType = 1;
			remoteGlobalIDString = E972F7FA1AD8D1F8000C57E8;
			remoteInfo = "WatchAid WatchKit Extension";
		};
/* End PBXContainerItemProxy section */

/* Begin PBXCopyFilesBuildPhase section */
		E972F81A1AD8D1F8000C57E8 /* Embed App Extensions */ = {
			isa = PBXCopyFilesBuildPhase;
			buildActionMask = 2147483647;
			dstPath = "";
			dstSubfolderSpec = 13;
			files = (
				E972F8131AD8D1F8000C57E8 /* WatchAid WatchKit Extension.appex in Embed App Extensions */,
			);
			name = "Embed App Extensions";
			runOnlyForDeploymentPostprocessing = 0;
		};
/* End PBXCopyFilesBuildPhase section */

/* Begin PBXFileReference section */
		742B7B791AD8FCB400102BDD /* Contacts.plist */ = {isa = PBXFileReference; fileEncoding = 4; lastKnownFileType = text.plist.xml; path = Contacts.plist; sourceTree = "<group>"; };
		74ACF4CF1AD8D030007418A8 /* WatchAid.app */ = {isa = PBXFileReference; explicitFileType = wrapper.application; includeInIndex = 0; path = WatchAid.app; sourceTree = BUILT_PRODUCTS_DIR; };
		74ACF4D31AD8D030007418A8 /* Info.plist */ = {isa = PBXFileReference; lastKnownFileType = text.plist.xml; path = Info.plist; sourceTree = "<group>"; };
		74ACF4D41AD8D030007418A8 /* AppDelegate.swift */ = {isa = PBXFileReference; lastKnownFileType = sourcecode.swift; path = AppDelegate.swift; sourceTree = "<group>"; };
		74ACF4D61AD8D030007418A8 /* ViewController.swift */ = {isa = PBXFileReference; lastKnownFileType = sourcecode.swift; path = ViewController.swift; sourceTree = "<group>"; };
		74ACF4D91AD8D030007418A8 /* Base */ = {isa = PBXFileReference; lastKnownFileType = file.storyboard; name = Base; path = Base.lproj/Main.storyboard; sourceTree = "<group>"; };
		74ACF4DB1AD8D030007418A8 /* Images.xcassets */ = {isa = PBXFileReference; lastKnownFileType = folder.assetcatalog; path = Images.xcassets; sourceTree = "<group>"; };
		74ACF4DE1AD8D030007418A8 /* Base */ = {isa = PBXFileReference; lastKnownFileType = file.xib; name = Base; path = Base.lproj/LaunchScreen.xib; sourceTree = "<group>"; };
		74ACF4E41AD8D030007418A8 /* WatchAidTests.xctest */ = {isa = PBXFileReference; explicitFileType = wrapper.cfbundle; includeInIndex = 0; path = WatchAidTests.xctest; sourceTree = BUILT_PRODUCTS_DIR; };
		74ACF4E91AD8D030007418A8 /* Info.plist */ = {isa = PBXFileReference; lastKnownFileType = text.plist.xml; path = Info.plist; sourceTree = "<group>"; };
		74ACF4EA1AD8D030007418A8 /* WatchAidTests.swift */ = {isa = PBXFileReference; lastKnownFileType = sourcecode.swift; path = WatchAidTests.swift; sourceTree = "<group>"; };
		74F6C2BF1AD8D48A00ECF760 /* MainViewController.swift */ = {isa = PBXFileReference; fileEncoding = 4; lastKnownFileType = sourcecode.swift; path = MainViewController.swift; sourceTree = "<group>"; };
		74F6C2C71AD8DAE400ECF760 /* ContactsViewController.swift */ = {isa = PBXFileReference; fileEncoding = 4; lastKnownFileType = sourcecode.swift; path = ContactsViewController.swift; sourceTree = "<group>"; };
		74F6C2C91AD8E38000ECF760 /* NewContactViewController.swift */ = {isa = PBXFileReference; fileEncoding = 4; lastKnownFileType = sourcecode.swift; path = NewContactViewController.swift; sourceTree = "<group>"; };
		E972F7FB1AD8D1F8000C57E8 /* WatchAid WatchKit Extension.appex */ = {isa = PBXFileReference; explicitFileType = "wrapper.app-extension"; includeInIndex = 0; path = "WatchAid WatchKit Extension.appex"; sourceTree = BUILT_PRODUCTS_DIR; };
		E972F7FE1AD8D1F8000C57E8 /* Info.plist */ = {isa = PBXFileReference; lastKnownFileType = text.plist.xml; path = Info.plist; sourceTree = "<group>"; };
		E972F7FF1AD8D1F8000C57E8 /* InterfaceController.swift */ = {isa = PBXFileReference; lastKnownFileType = sourcecode.swift; path = InterfaceController.swift; sourceTree = "<group>"; };
		E972F8011AD8D1F8000C57E8 /* Images.xcassets */ = {isa = PBXFileReference; lastKnownFileType = folder.assetcatalog; path = Images.xcassets; sourceTree = "<group>"; };
		E972F8051AD8D1F8000C57E8 /* WatchAid WatchKit App.app */ = {isa = PBXFileReference; explicitFileType = wrapper.application; includeInIndex = 0; path = "WatchAid WatchKit App.app"; sourceTree = BUILT_PRODUCTS_DIR; };
		E972F80B1AD8D1F8000C57E8 /* Info.plist */ = {isa = PBXFileReference; lastKnownFileType = text.plist.xml; path = Info.plist; sourceTree = "<group>"; };
		E972F80D1AD8D1F8000C57E8 /* Base */ = {isa = PBXFileReference; lastKnownFileType = file.storyboard; name = Base; path = Base.lproj/Interface.storyboard; sourceTree = "<group>"; };
		E972F80F1AD8D1F8000C57E8 /* Images.xcassets */ = {isa = PBXFileReference; lastKnownFileType = folder.assetcatalog; path = Images.xcassets; sourceTree = "<group>"; };
		E972F81F1AD8FD10000C57E8 /* AudioToolbox.framework */ = {isa = PBXFileReference; lastKnownFileType = wrapper.framework; name = AudioToolbox.framework; path = System/Library/Frameworks/AudioToolbox.framework; sourceTree = SDKROOT; };
		E972F8211AD8FD16000C57E8 /* CFNetwork.framework */ = {isa = PBXFileReference; lastKnownFileType = wrapper.framework; name = CFNetwork.framework; path = System/Library/Frameworks/CFNetwork.framework; sourceTree = SDKROOT; };
		E972F8231AD8FD1B000C57E8 /* CoreGraphics.framework */ = {isa = PBXFileReference; lastKnownFileType = wrapper.framework; name = CoreGraphics.framework; path = System/Library/Frameworks/CoreGraphics.framework; sourceTree = SDKROOT; };
		E972F8251AD8FD21000C57E8 /* CoreLocation.framework */ = {isa = PBXFileReference; lastKnownFileType = wrapper.framework; name = CoreLocation.framework; path = System/Library/Frameworks/CoreLocation.framework; sourceTree = SDKROOT; };
		E972F8271AD8FD28000C57E8 /* MobileCoreServices.framework */ = {isa = PBXFileReference; lastKnownFileType = wrapper.framework; name = MobileCoreServices.framework; path = System/Library/Frameworks/MobileCoreServices.framework; sourceTree = SDKROOT; };
		E972F8291AD8FD2F000C57E8 /* QuartzCore.framework */ = {isa = PBXFileReference; lastKnownFileType = wrapper.framework; name = QuartzCore.framework; path = System/Library/Frameworks/QuartzCore.framework; sourceTree = SDKROOT; };
		E972F82B1AD8FD35000C57E8 /* Security.framework */ = {isa = PBXFileReference; lastKnownFileType = wrapper.framework; name = Security.framework; path = System/Library/Frameworks/Security.framework; sourceTree = SDKROOT; };
		E972F82D1AD8FD3D000C57E8 /* StoreKit.framework */ = {isa = PBXFileReference; lastKnownFileType = wrapper.framework; name = StoreKit.framework; path = System/Library/Frameworks/StoreKit.framework; sourceTree = SDKROOT; };
		E972F82F1AD8FD47000C57E8 /* SystemConfiguration.framework */ = {isa = PBXFileReference; lastKnownFileType = wrapper.framework; name = SystemConfiguration.framework; path = System/Library/Frameworks/SystemConfiguration.framework; sourceTree = SDKROOT; };
		E972F8311AD8FD4F000C57E8 /* libz.dylib */ = {isa = PBXFileReference; lastKnownFileType = "compiled.mach-o.dylib"; name = libz.dylib; path = usr/lib/libz.dylib; sourceTree = SDKROOT; };
		E972F8331AD8FD56000C57E8 /* libsqlite3.dylib */ = {isa = PBXFileReference; lastKnownFileType = "compiled.mach-o.dylib"; name = libsqlite3.dylib; path = usr/lib/libsqlite3.dylib; sourceTree = SDKROOT; };
		E972F8411AD8FDD1000C57E8 /* Bolts.framework */ = {isa = PBXFileReference; lastKnownFileType = wrapper.framework; path = Bolts.framework; sourceTree = "<group>"; };
		E972F8421AD8FDD1000C57E8 /* ParseCrashReporting.framework */ = {isa = PBXFileReference; lastKnownFileType = wrapper.framework; path = ParseCrashReporting.framework; sourceTree = "<group>"; };
		E972F8431AD8FDD1000C57E8 /* ParseUI.framework */ = {isa = PBXFileReference; lastKnownFileType = wrapper.framework; path = ParseUI.framework; sourceTree = "<group>"; };
		E972F8441AD8FDD1000C57E8 /* ParseFacebookUtilsV4.framework */ = {isa = PBXFileReference; lastKnownFileType = wrapper.framework; path = ParseFacebookUtilsV4.framework; sourceTree = "<group>"; };
		E972F8451AD8FDD1000C57E8 /* ParseFacebookUtils.framework */ = {isa = PBXFileReference; lastKnownFileType = wrapper.framework; path = ParseFacebookUtils.framework; sourceTree = "<group>"; };
		E972F8461AD8FDD1000C57E8 /* Parse.framework */ = {isa = PBXFileReference; lastKnownFileType = wrapper.framework; path = Parse.framework; sourceTree = "<group>"; };
/* End PBXFileReference section */

/* Begin PBXFrameworksBuildPhase section */
		74ACF4CC1AD8D030007418A8 /* Frameworks */ = {
			isa = PBXFrameworksBuildPhase;
			buildActionMask = 2147483647;
			files = (
				E972F8341AD8FD56000C57E8 /* libsqlite3.dylib in Frameworks */,
				E972F8321AD8FD4F000C57E8 /* libz.dylib in Frameworks */,
				E972F8491AD8FDD1000C57E8 /* ParseUI.framework in Frameworks */,
				E972F8301AD8FD47000C57E8 /* SystemConfiguration.framework in Frameworks */,
				E972F8471AD8FDD1000C57E8 /* Bolts.framework in Frameworks */,
				E972F82E1AD8FD3D000C57E8 /* StoreKit.framework in Frameworks */,
				E972F84C1AD8FDD1000C57E8 /* Parse.framework in Frameworks */,
				E972F82C1AD8FD35000C57E8 /* Security.framework in Frameworks */,
				E972F82A1AD8FD2F000C57E8 /* QuartzCore.framework in Frameworks */,
				E972F8281AD8FD28000C57E8 /* MobileCoreServices.framework in Frameworks */,
				E972F8261AD8FD21000C57E8 /* CoreLocation.framework in Frameworks */,
				E972F8241AD8FD1B000C57E8 /* CoreGraphics.framework in Frameworks */,
				E972F8221AD8FD16000C57E8 /* CFNetwork.framework in Frameworks */,
				E972F8201AD8FD10000C57E8 /* AudioToolbox.framework in Frameworks */,
				E972F8481AD8FDD1000C57E8 /* ParseCrashReporting.framework in Frameworks */,
				E972F84B1AD8FDD1000C57E8 /* ParseFacebookUtils.framework in Frameworks */,
				E972F84A1AD8FDD1000C57E8 /* ParseFacebookUtilsV4.framework in Frameworks */,
			);
			runOnlyForDeploymentPostprocessing = 0;
		};
		74ACF4E11AD8D030007418A8 /* Frameworks */ = {
			isa = PBXFrameworksBuildPhase;
			buildActionMask = 2147483647;
			files = (
			);
			runOnlyForDeploymentPostprocessing = 0;
		};
		E972F7F81AD8D1F8000C57E8 /* Frameworks */ = {
			isa = PBXFrameworksBuildPhase;
			buildActionMask = 2147483647;
			files = (
			);
			runOnlyForDeploymentPostprocessing = 0;
		};
/* End PBXFrameworksBuildPhase section */

/* Begin PBXGroup section */
		74ACF4C61AD8D030007418A8 = {
			isa = PBXGroup;
			children = (
				E972F84D1AD90386000C57E8 /* Frameworks */,
				74ACF4D11AD8D030007418A8 /* WatchAid */,
				74ACF4E71AD8D030007418A8 /* WatchAidTests */,
				E972F7FC1AD8D1F8000C57E8 /* WatchAid WatchKit Extension */,
				E972F8091AD8D1F8000C57E8 /* WatchAid WatchKit App */,
				74ACF4D01AD8D030007418A8 /* Products */,
			);
			sourceTree = "<group>";
		};
		74ACF4D01AD8D030007418A8 /* Products */ = {
			isa = PBXGroup;
			children = (
				74ACF4CF1AD8D030007418A8 /* WatchAid.app */,
				74ACF4E41AD8D030007418A8 /* WatchAidTests.xctest */,
				E972F7FB1AD8D1F8000C57E8 /* WatchAid WatchKit Extension.appex */,
				E972F8051AD8D1F8000C57E8 /* WatchAid WatchKit App.app */,
			);
			name = Products;
			sourceTree = "<group>";
		};
		74ACF4D11AD8D030007418A8 /* WatchAid */ = {
			isa = PBXGroup;
			children = (
				74ACF4D41AD8D030007418A8 /* AppDelegate.swift */,
				74ACF4D61AD8D030007418A8 /* ViewController.swift */,
				74ACF4D81AD8D030007418A8 /* Main.storyboard */,
				74ACF4DB1AD8D030007418A8 /* Images.xcassets */,
				74ACF4DD1AD8D030007418A8 /* LaunchScreen.xib */,
				74ACF4D21AD8D030007418A8 /* Supporting Files */,
				74F6C2BF1AD8D48A00ECF760 /* MainViewController.swift */,
				74F6C2C71AD8DAE400ECF760 /* ContactsViewController.swift */,
				74F6C2C91AD8E38000ECF760 /* NewContactViewController.swift */,
			);
			path = WatchAid;
			sourceTree = "<group>";
		};
		74ACF4D21AD8D030007418A8 /* Supporting Files */ = {
			isa = PBXGroup;
			children = (
				74ACF4D31AD8D030007418A8 /* Info.plist */,
				742B7B791AD8FCB400102BDD /* Contacts.plist */,
			);
			name = "Supporting Files";
			sourceTree = "<group>";
		};
		74ACF4E71AD8D030007418A8 /* WatchAidTests */ = {
			isa = PBXGroup;
			children = (
				74ACF4EA1AD8D030007418A8 /* WatchAidTests.swift */,
				74ACF4E81AD8D030007418A8 /* Supporting Files */,
			);
			path = WatchAidTests;
			sourceTree = "<group>";
		};
		74ACF4E81AD8D030007418A8 /* Supporting Files */ = {
			isa = PBXGroup;
			children = (
				74ACF4E91AD8D030007418A8 /* Info.plist */,
			);
			name = "Supporting Files";
			sourceTree = "<group>";
		};
		E972F7FC1AD8D1F8000C57E8 /* WatchAid WatchKit Extension */ = {
			isa = PBXGroup;
			children = (
				E972F7FF1AD8D1F8000C57E8 /* InterfaceController.swift */,
				E972F8011AD8D1F8000C57E8 /* Images.xcassets */,
				E972F7FD1AD8D1F8000C57E8 /* Supporting Files */,
			);
			path = "WatchAid WatchKit Extension";
			sourceTree = "<group>";
		};
		E972F7FD1AD8D1F8000C57E8 /* Supporting Files */ = {
			isa = PBXGroup;
			children = (
				E972F7FE1AD8D1F8000C57E8 /* Info.plist */,
			);
			name = "Supporting Files";
			sourceTree = "<group>";
		};
		E972F8091AD8D1F8000C57E8 /* WatchAid WatchKit App */ = {
			isa = PBXGroup;
			children = (
				E972F80C1AD8D1F8000C57E8 /* Interface.storyboard */,
				E972F80F1AD8D1F8000C57E8 /* Images.xcassets */,
				E972F80A1AD8D1F8000C57E8 /* Supporting Files */,
			);
			path = "WatchAid WatchKit App";
			sourceTree = "<group>";
		};
		E972F80A1AD8D1F8000C57E8 /* Supporting Files */ = {
			isa = PBXGroup;
			children = (
				E972F80B1AD8D1F8000C57E8 /* Info.plist */,
			);
			name = "Supporting Files";
			sourceTree = "<group>";
		};
		E972F84D1AD90386000C57E8 /* Frameworks */ = {
			isa = PBXGroup;
			children = (
				E972F8411AD8FDD1000C57E8 /* Bolts.framework */,
				E972F8421AD8FDD1000C57E8 /* ParseCrashReporting.framework */,
				E972F8431AD8FDD1000C57E8 /* ParseUI.framework */,
				E972F8441AD8FDD1000C57E8 /* ParseFacebookUtilsV4.framework */,
				E972F8451AD8FDD1000C57E8 /* ParseFacebookUtils.framework */,
				E972F8461AD8FDD1000C57E8 /* Parse.framework */,
				E972F8331AD8FD56000C57E8 /* libsqlite3.dylib */,
				E972F8311AD8FD4F000C57E8 /* libz.dylib */,
				E972F82F1AD8FD47000C57E8 /* SystemConfiguration.framework */,
				E972F82D1AD8FD3D000C57E8 /* StoreKit.framework */,
				E972F82B1AD8FD35000C57E8 /* Security.framework */,
				E972F8291AD8FD2F000C57E8 /* QuartzCore.framework */,
				E972F8271AD8FD28000C57E8 /* MobileCoreServices.framework */,
				E972F8251AD8FD21000C57E8 /* CoreLocation.framework */,
				E972F8231AD8FD1B000C57E8 /* CoreGraphics.framework */,
				E972F8211AD8FD16000C57E8 /* CFNetwork.framework */,
				E972F81F1AD8FD10000C57E8 /* AudioToolbox.framework */,
			);
			name = Frameworks;
			sourceTree = "<group>";
		};
/* End PBXGroup section */

/* Begin PBXNativeTarget section */
		74ACF4CE1AD8D030007418A8 /* WatchAid */ = {
			isa = PBXNativeTarget;
			buildConfigurationList = 74ACF4EE1AD8D030007418A8 /* Build configuration list for PBXNativeTarget "WatchAid" */;
			buildPhases = (
				74ACF4CB1AD8D030007418A8 /* Sources */,
				74ACF4CC1AD8D030007418A8 /* Frameworks */,
				74ACF4CD1AD8D030007418A8 /* Resources */,
				E972F81A1AD8D1F8000C57E8 /* Embed App Extensions */,
			);
			buildRules = (
			);
			dependencies = (
				E972F8121AD8D1F8000C57E8 /* PBXTargetDependency */,
			);
			name = WatchAid;
			productName = WatchAid;
			productReference = 74ACF4CF1AD8D030007418A8 /* WatchAid.app */;
			productType = "com.apple.product-type.application";
		};
		74ACF4E31AD8D030007418A8 /* WatchAidTests */ = {
			isa = PBXNativeTarget;
			buildConfigurationList = 74ACF4F11AD8D030007418A8 /* Build configuration list for PBXNativeTarget "WatchAidTests" */;
			buildPhases = (
				74ACF4E01AD8D030007418A8 /* Sources */,
				74ACF4E11AD8D030007418A8 /* Frameworks */,
				74ACF4E21AD8D030007418A8 /* Resources */,
			);
			buildRules = (
			);
			dependencies = (
				74ACF4E61AD8D030007418A8 /* PBXTargetDependency */,
			);
			name = WatchAidTests;
			productName = WatchAidTests;
			productReference = 74ACF4E41AD8D030007418A8 /* WatchAidTests.xctest */;
			productType = "com.apple.product-type.bundle.unit-test";
		};
		E972F7FA1AD8D1F8000C57E8 /* WatchAid WatchKit Extension */ = {
			isa = PBXNativeTarget;
			buildConfigurationList = E972F8191AD8D1F8000C57E8 /* Build configuration list for PBXNativeTarget "WatchAid WatchKit Extension" */;
			buildPhases = (
				E972F7F71AD8D1F8000C57E8 /* Sources */,
				E972F7F81AD8D1F8000C57E8 /* Frameworks */,
				E972F7F91AD8D1F8000C57E8 /* Resources */,
			);
			buildRules = (
			);
			dependencies = (
				E972F8081AD8D1F8000C57E8 /* PBXTargetDependency */,
			);
			name = "WatchAid WatchKit Extension";
			productName = "WatchAid WatchKit Extension";
			productReference = E972F7FB1AD8D1F8000C57E8 /* WatchAid WatchKit Extension.appex */;
			productType = "com.apple.product-type.watchkit-extension";
		};
		E972F8041AD8D1F8000C57E8 /* WatchAid WatchKit App */ = {
			isa = PBXNativeTarget;
			buildConfigurationList = E972F8181AD8D1F8000C57E8 /* Build configuration list for PBXNativeTarget "WatchAid WatchKit App" */;
			buildPhases = (
				E972F8031AD8D1F8000C57E8 /* Resources */,
			);
			buildRules = (
			);
			dependencies = (
			);
			name = "WatchAid WatchKit App";
			productName = "WatchAid WatchKit App";
			productReference = E972F8051AD8D1F8000C57E8 /* WatchAid WatchKit App.app */;
			productType = "com.apple.product-type.application.watchapp";
		};
/* End PBXNativeTarget section */

/* Begin PBXProject section */
		74ACF4C71AD8D030007418A8 /* Project object */ = {
			isa = PBXProject;
			attributes = {
				LastUpgradeCheck = 0630;
				ORGANIZATIONNAME = "Sean O'Keeffe";
				TargetAttributes = {
					74ACF4CE1AD8D030007418A8 = {
						CreatedOnToolsVersion = 6.3;
						DevelopmentTeam = 3SNSJW6HJ4;
					};
					74ACF4E31AD8D030007418A8 = {
						CreatedOnToolsVersion = 6.3;
						TestTargetID = 74ACF4CE1AD8D030007418A8;
					};
					E972F7FA1AD8D1F8000C57E8 = {
						CreatedOnToolsVersion = 6.3;
					};
					E972F8041AD8D1F8000C57E8 = {
						CreatedOnToolsVersion = 6.3;
						DevelopmentTeam = 3SNSJW6HJ4;
					};
				};
			};
			buildConfigurationList = 74ACF4CA1AD8D030007418A8 /* Build configuration list for PBXProject "WatchAid" */;
			compatibilityVersion = "Xcode 3.2";
			developmentRegion = English;
			hasScannedForEncodings = 0;
			knownRegions = (
				en,
				Base,
			);
			mainGroup = 74ACF4C61AD8D030007418A8;
			productRefGroup = 74ACF4D01AD8D030007418A8 /* Products */;
			projectDirPath = "";
			projectRoot = "";
			targets = (
				74ACF4CE1AD8D030007418A8 /* WatchAid */,
				74ACF4E31AD8D030007418A8 /* WatchAidTests */,
				E972F7FA1AD8D1F8000C57E8 /* WatchAid WatchKit Extension */,
				E972F8041AD8D1F8000C57E8 /* WatchAid WatchKit App */,
			);
		};
/* End PBXProject section */

/* Begin PBXResourcesBuildPhase section */
		74ACF4CD1AD8D030007418A8 /* Resources */ = {
			isa = PBXResourcesBuildPhase;
			buildActionMask = 2147483647;
			files = (
				74ACF4DA1AD8D030007418A8 /* Main.storyboard in Resources */,
				74ACF4DF1AD8D030007418A8 /* LaunchScreen.xib in Resources */,
				74ACF4DC1AD8D030007418A8 /* Images.xcassets in Resources */,
				742B7B7A1AD8FCB400102BDD /* Contacts.plist in Resources */,
			);
			runOnlyForDeploymentPostprocessing = 0;
		};
		74ACF4E21AD8D030007418A8 /* Resources */ = {
			isa = PBXResourcesBuildPhase;
			buildActionMask = 2147483647;
			files = (
			);
			runOnlyForDeploymentPostprocessing = 0;
		};
		E972F7F91AD8D1F8000C57E8 /* Resources */ = {
			isa = PBXResourcesBuildPhase;
			buildActionMask = 2147483647;
			files = (
				E972F8021AD8D1F8000C57E8 /* Images.xcassets in Resources */,
				E972F8061AD8D1F8000C57E8 /* WatchAid WatchKit App.app in Resources */,
			);
			runOnlyForDeploymentPostprocessing = 0;
		};
		E972F8031AD8D1F8000C57E8 /* Resources */ = {
			isa = PBXResourcesBuildPhase;
			buildActionMask = 2147483647;
			files = (
				E972F80E1AD8D1F8000C57E8 /* Interface.storyboard in Resources */,
				E972F8101AD8D1F8000C57E8 /* Images.xcassets in Resources */,
			);
			runOnlyForDeploymentPostprocessing = 0;
		};
/* End PBXResourcesBuildPhase section */

/* Begin PBXSourcesBuildPhase section */
		74ACF4CB1AD8D030007418A8 /* Sources */ = {
			isa = PBXSourcesBuildPhase;
			buildActionMask = 2147483647;
			files = (
				74F6C2C01AD8D48A00ECF760 /* MainViewController.swift in Sources */,
				74F6C2CA1AD8E38000ECF760 /* NewContactViewController.swift in Sources */,
				74F6C2C81AD8DAE400ECF760 /* ContactsViewController.swift in Sources */,
				74ACF4D71AD8D030007418A8 /* ViewController.swift in Sources */,
				74ACF4D51AD8D030007418A8 /* AppDelegate.swift in Sources */,
			);
			runOnlyForDeploymentPostprocessing = 0;
		};
		74ACF4E01AD8D030007418A8 /* Sources */ = {
			isa = PBXSourcesBuildPhase;
			buildActionMask = 2147483647;
			files = (
				74ACF4EB1AD8D030007418A8 /* WatchAidTests.swift in Sources */,
			);
			runOnlyForDeploymentPostprocessing = 0;
		};
		E972F7F71AD8D1F8000C57E8 /* Sources */ = {
			isa = PBXSourcesBuildPhase;
			buildActionMask = 2147483647;
			files = (
				E972F8001AD8D1F8000C57E8 /* InterfaceController.swift in Sources */,
			);
			runOnlyForDeploymentPostprocessing = 0;
		};
/* End PBXSourcesBuildPhase section */

/* Begin PBXTargetDependency section */
		74ACF4E61AD8D030007418A8 /* PBXTargetDependency */ = {
			isa = PBXTargetDependency;
			target = 74ACF4CE1AD8D030007418A8 /* WatchAid */;
			targetProxy = 74ACF4E51AD8D030007418A8 /* PBXContainerItemProxy */;
		};
		E972F8081AD8D1F8000C57E8 /* PBXTargetDependency */ = {
			isa = PBXTargetDependency;
			target = E972F8041AD8D1F8000C57E8 /* WatchAid WatchKit App */;
			targetProxy = E972F8071AD8D1F8000C57E8 /* PBXContainerItemProxy */;
		};
		E972F8121AD8D1F8000C57E8 /* PBXTargetDependency */ = {
			isa = PBXTargetDependency;
			target = E972F7FA1AD8D1F8000C57E8 /* WatchAid WatchKit Extension */;
			targetProxy = E972F8111AD8D1F8000C57E8 /* PBXContainerItemProxy */;
		};
/* End PBXTargetDependency section */

/* Begin PBXVariantGroup section */
		74ACF4D81AD8D030007418A8 /* Main.storyboard */ = {
			isa = PBXVariantGroup;
			children = (
				74ACF4D91AD8D030007418A8 /* Base */,
			);
			name = Main.storyboard;
			sourceTree = "<group>";
		};
		74ACF4DD1AD8D030007418A8 /* LaunchScreen.xib */ = {
			isa = PBXVariantGroup;
			children = (
				74ACF4DE1AD8D030007418A8 /* Base */,
			);
			name = LaunchScreen.xib;
			sourceTree = "<group>";
		};
		E972F80C1AD8D1F8000C57E8 /* Interface.storyboard */ = {
			isa = PBXVariantGroup;
			children = (
				E972F80D1AD8D1F8000C57E8 /* Base */,
			);
			name = Interface.storyboard;
			sourceTree = "<group>";
		};
/* End PBXVariantGroup section */

/* Begin XCBuildConfiguration section */
		74ACF4EC1AD8D030007418A8 /* Debug */ = {
			isa = XCBuildConfiguration;
			buildSettings = {
				ALWAYS_SEARCH_USER_PATHS = NO;
				CLANG_CXX_LANGUAGE_STANDARD = "gnu++0x";
				CLANG_CXX_LIBRARY = "libc++";
				CLANG_ENABLE_MODULES = YES;
				CLANG_ENABLE_OBJC_ARC = YES;
				CLANG_WARN_BOOL_CONVERSION = YES;
				CLANG_WARN_CONSTANT_CONVERSION = YES;
				CLANG_WARN_DIRECT_OBJC_ISA_USAGE = YES_ERROR;
				CLANG_WARN_EMPTY_BODY = YES;
				CLANG_WARN_ENUM_CONVERSION = YES;
				CLANG_WARN_INT_CONVERSION = YES;
				CLANG_WARN_OBJC_ROOT_CLASS = YES_ERROR;
				CLANG_WARN_UNREACHABLE_CODE = YES;
				CLANG_WARN__DUPLICATE_METHOD_MATCH = YES;
				CODE_SIGN_IDENTITY = "iPhone Developer: Jenner Felton (GR372G8BT2)";
				"CODE_SIGN_IDENTITY[sdk=iphoneos*]" = "iPhone Developer: Jenner Felton (GR372G8BT2)";
				COPY_PHASE_STRIP = NO;
				DEBUG_INFORMATION_FORMAT = "dwarf-with-dsym";
				ENABLE_STRICT_OBJC_MSGSEND = YES;
				GCC_C_LANGUAGE_STANDARD = gnu99;
				GCC_DYNAMIC_NO_PIC = NO;
				GCC_NO_COMMON_BLOCKS = YES;
				GCC_OPTIMIZATION_LEVEL = 0;
				GCC_PREPROCESSOR_DEFINITIONS = (
					"DEBUG=1",
					"$(inherited)",
				);
				GCC_SYMBOLS_PRIVATE_EXTERN = NO;
				GCC_WARN_64_TO_32_BIT_CONVERSION = YES;
				GCC_WARN_ABOUT_RETURN_TYPE = YES_ERROR;
				GCC_WARN_UNDECLARED_SELECTOR = YES;
				GCC_WARN_UNINITIALIZED_AUTOS = YES_AGGRESSIVE;
				GCC_WARN_UNUSED_FUNCTION = YES;
				GCC_WARN_UNUSED_VARIABLE = YES;
				IPHONEOS_DEPLOYMENT_TARGET = 8.3;
				MTL_ENABLE_DEBUG_INFO = YES;
				ONLY_ACTIVE_ARCH = YES;
				SDKROOT = iphoneos;
				SWIFT_OPTIMIZATION_LEVEL = "-Onone";
			};
			name = Debug;
		};
		74ACF4ED1AD8D030007418A8 /* Release */ = {
			isa = XCBuildConfiguration;
			buildSettings = {
				ALWAYS_SEARCH_USER_PATHS = NO;
				CLANG_CXX_LANGUAGE_STANDARD = "gnu++0x";
				CLANG_CXX_LIBRARY = "libc++";
				CLANG_ENABLE_MODULES = YES;
				CLANG_ENABLE_OBJC_ARC = YES;
				CLANG_WARN_BOOL_CONVERSION = YES;
				CLANG_WARN_CONSTANT_CONVERSION = YES;
				CLANG_WARN_DIRECT_OBJC_ISA_USAGE = YES_ERROR;
				CLANG_WARN_EMPTY_BODY = YES;
				CLANG_WARN_ENUM_CONVERSION = YES;
				CLANG_WARN_INT_CONVERSION = YES;
				CLANG_WARN_OBJC_ROOT_CLASS = YES_ERROR;
				CLANG_WARN_UNREACHABLE_CODE = YES;
				CLANG_WARN__DUPLICATE_METHOD_MATCH = YES;
				CODE_SIGN_IDENTITY = "iPhone Developer: Jenner Felton (GR372G8BT2)";
				"CODE_SIGN_IDENTITY[sdk=iphoneos*]" = "iPhone Developer";
				COPY_PHASE_STRIP = NO;
				DEBUG_INFORMATION_FORMAT = "dwarf-with-dsym";
				ENABLE_NS_ASSERTIONS = NO;
				ENABLE_STRICT_OBJC_MSGSEND = YES;
				GCC_C_LANGUAGE_STANDARD = gnu99;
				GCC_NO_COMMON_BLOCKS = YES;
				GCC_WARN_64_TO_32_BIT_CONVERSION = YES;
				GCC_WARN_ABOUT_RETURN_TYPE = YES_ERROR;
				GCC_WARN_UNDECLARED_SELECTOR = YES;
				GCC_WARN_UNINITIALIZED_AUTOS = YES_AGGRESSIVE;
				GCC_WARN_UNUSED_FUNCTION = YES;
				GCC_WARN_UNUSED_VARIABLE = YES;
				IPHONEOS_DEPLOYMENT_TARGET = 8.3;
				MTL_ENABLE_DEBUG_INFO = NO;
				SDKROOT = iphoneos;
				VALIDATE_PRODUCT = YES;
			};
			name = Release;
		};
		74ACF4EF1AD8D030007418A8 /* Debug */ = {
			isa = XCBuildConfiguration;
			buildSettings = {
				ASSETCATALOG_COMPILER_APPICON_NAME = AppIcon;
				CODE_SIGN_IDENTITY = "iPhone Developer: Jenner Felton (GR372G8BT2)";
				FRAMEWORK_SEARCH_PATHS = (
					"$(inherited)",
					"$(PROJECT_DIR)/parse-library-1.7.1",
					"$(PROJECT_DIR)",
				);
				INFOPLIST_FILE = WatchAid/Info.plist;
				LD_RUNPATH_SEARCH_PATHS = "$(inherited) @executable_path/Frameworks";
				PRODUCT_NAME = "$(TARGET_NAME)";
			};
			name = Debug;
		};
		74ACF4F01AD8D030007418A8 /* Release */ = {
			isa = XCBuildConfiguration;
			buildSettings = {
				ASSETCATALOG_COMPILER_APPICON_NAME = AppIcon;
				CODE_SIGN_IDENTITY = "iPhone Developer: Jenner Felton (GR372G8BT2)";
				FRAMEWORK_SEARCH_PATHS = (
					"$(inherited)",
					"$(PROJECT_DIR)/parse-library-1.7.1",
					"$(PROJECT_DIR)",
				);
				INFOPLIST_FILE = WatchAid/Info.plist;
				LD_RUNPATH_SEARCH_PATHS = "$(inherited) @executable_path/Frameworks";
				PRODUCT_NAME = "$(TARGET_NAME)";
			};
			name = Release;
		};
		74ACF4F21AD8D030007418A8 /* Debug */ = {
			isa = XCBuildConfiguration;
			buildSettings = {
				BUNDLE_LOADER = "$(TEST_HOST)";
				FRAMEWORK_SEARCH_PATHS = (
					"$(SDKROOT)/Developer/Library/Frameworks",
					"$(inherited)",
				);
				GCC_PREPROCESSOR_DEFINITIONS = (
					"DEBUG=1",
					"$(inherited)",
				);
				INFOPLIST_FILE = WatchAidTests/Info.plist;
				LD_RUNPATH_SEARCH_PATHS = "$(inherited) @executable_path/Frameworks @loader_path/Frameworks";
				PRODUCT_NAME = "$(TARGET_NAME)";
				TEST_HOST = "$(BUILT_PRODUCTS_DIR)/WatchAid.app/WatchAid";
			};
			name = Debug;
		};
		74ACF4F31AD8D030007418A8 /* Release */ = {
			isa = XCBuildConfiguration;
			buildSettings = {
				BUNDLE_LOADER = "$(TEST_HOST)";
				FRAMEWORK_SEARCH_PATHS = (
					"$(SDKROOT)/Developer/Library/Frameworks",
					"$(inherited)",
				);
				INFOPLIST_FILE = WatchAidTests/Info.plist;
				LD_RUNPATH_SEARCH_PATHS = "$(inherited) @executable_path/Frameworks @loader_path/Frameworks";
				PRODUCT_NAME = "$(TARGET_NAME)";
				TEST_HOST = "$(BUILT_PRODUCTS_DIR)/WatchAid.app/WatchAid";
			};
			name = Release;
		};
		E972F8141AD8D1F8000C57E8 /* Debug */ = {
			isa = XCBuildConfiguration;
			buildSettings = {
				GCC_PREPROCESSOR_DEFINITIONS = (
					"DEBUG=1",
					"$(inherited)",
				);
				INFOPLIST_FILE = "WatchAid WatchKit Extension/Info.plist";
				LD_RUNPATH_SEARCH_PATHS = "$(inherited) @executable_path/Frameworks @executable_path/../../Frameworks";
				PRODUCT_NAME = "${TARGET_NAME}";
				SKIP_INSTALL = YES;
			};
			name = Debug;
		};
		E972F8151AD8D1F8000C57E8 /* Release */ = {
			isa = XCBuildConfiguration;
			buildSettings = {
				INFOPLIST_FILE = "WatchAid WatchKit Extension/Info.plist";
				LD_RUNPATH_SEARCH_PATHS = "$(inherited) @executable_path/Frameworks @executable_path/../../Frameworks";
				PRODUCT_NAME = "${TARGET_NAME}";
				SKIP_INSTALL = YES;
			};
			name = Release;
		};
		E972F8161AD8D1F8000C57E8 /* Debug */ = {
			isa = XCBuildConfiguration;
			buildSettings = {
				ASSETCATALOG_COMPILER_APPICON_NAME = AppIcon;
				CODE_SIGN_IDENTITY = "iPhone Developer";
				"CODE_SIGN_IDENTITY[sdk=iphoneos*]" = "iPhone Developer";
				GCC_PREPROCESSOR_DEFINITIONS = (
					"DEBUG=1",
					"$(inherited)",
				);
				IBSC_MODULE = WatchAid_WatchKit_Extension;
				INFOPLIST_FILE = "WatchAid WatchKit App/Info.plist";
				IPHONEOS_DEPLOYMENT_TARGET = 8.2;
				PRODUCT_NAME = "$(TARGET_NAME)";
				PROVISIONING_PROFILE = "";
				SKIP_INSTALL = YES;
				TARGETED_DEVICE_FAMILY = 4;
				"TARGETED_DEVICE_FAMILY[sdk=iphonesimulator*]" = "1,4";
			};
			name = Debug;
		};
		E972F8171AD8D1F8000C57E8 /* Release */ = {
			isa = XCBuildConfiguration;
			buildSettings = {
				ASSETCATALOG_COMPILER_APPICON_NAME = AppIcon;
				CODE_SIGN_IDENTITY = "iPhone Developer";
				"CODE_SIGN_IDENTITY[sdk=iphoneos*]" = "iPhone Developer";
				IBSC_MODULE = WatchAid_WatchKit_Extension;
				INFOPLIST_FILE = "WatchAid WatchKit App/Info.plist";
				IPHONEOS_DEPLOYMENT_TARGET = 8.2;
				PRODUCT_NAME = "$(TARGET_NAME)";
				PROVISIONING_PROFILE = "";
				SKIP_INSTALL = YES;
				TARGETED_DEVICE_FAMILY = 4;
				"TARGETED_DEVICE_FAMILY[sdk=iphonesimulator*]" = "1,4";
			};
			name = Release;
		};
/* End XCBuildConfiguration section */

/* Begin XCConfigurationList section */
		74ACF4CA1AD8D030007418A8 /* Build configuration list for PBXProject "WatchAid" */ = {
			isa = XCConfigurationList;
			buildConfigurations = (
				74ACF4EC1AD8D030007418A8 /* Debug */,
				74ACF4ED1AD8D030007418A8 /* Release */,
			);
			defaultConfigurationIsVisible = 0;
			defaultConfigurationName = Release;
		};
		74ACF4EE1AD8D030007418A8 /* Build configuration list for PBXNativeTarget "WatchAid" */ = {
			isa = XCConfigurationList;
			buildConfigurations = (
				74ACF4EF1AD8D030007418A8 /* Debug */,
				74ACF4F01AD8D030007418A8 /* Release */,
			);
			defaultConfigurationIsVisible = 0;
			defaultConfigurationName = Release;
		};
		74ACF4F11AD8D030007418A8 /* Build configuration list for PBXNativeTarget "WatchAidTests" */ = {
			isa = XCConfigurationList;
			buildConfigurations = (
				74ACF4F21AD8D030007418A8 /* Debug */,
				74ACF4F31AD8D030007418A8 /* Release */,
			);
			defaultConfigurationIsVisible = 0;
			defaultConfigurationName = Release;
		};
		E972F8181AD8D1F8000C57E8 /* Build configuration list for PBXNativeTarget "WatchAid WatchKit App" */ = {
			isa = XCConfigurationList;
			buildConfigurations = (
				E972F8161AD8D1F8000C57E8 /* Debug */,
				E972F8171AD8D1F8000C57E8 /* Release */,
			);
			defaultConfigurationIsVisible = 0;
			defaultConfigurationName = Release;
		};
		E972F8191AD8D1F8000C57E8 /* Build configuration list for PBXNativeTarget "WatchAid WatchKit Extension" */ = {
			isa = XCConfigurationList;
			buildConfigurations = (
				E972F8141AD8D1F8000C57E8 /* Debug */,
				E972F8151AD8D1F8000C57E8 /* Release */,
			);
			defaultConfigurationIsVisible = 0;
			defaultConfigurationName = Release;
		};
/* End XCConfigurationList section */
	};
	rootObject = 74ACF4C71AD8D030007418A8 /* Project object */;
}
