// !$*UTF8*$!
{
	archiveVersion = 1;
	classes = {
	};
	objectVersion = 46;
	objects = {

/* Begin PBXBuildFile section */
		74ACF4D51AD8D030007418A8 /* AppDelegate.swift in Sources */ = {isa = PBXBuildFile; fileRef = 74ACF4D41AD8D030007418A8 /* AppDelegate.swift */; };
		74ACF4D71AD8D030007418A8 /* ViewController.swift in Sources */ = {isa = PBXBuildFile; fileRef = 74ACF4D61AD8D030007418A8 /* ViewController.swift */; };
		74ACF4DA1AD8D030007418A8 /* Main.storyboard in Resources */ = {isa = PBXBuildFile; fileRef = 74ACF4D81AD8D030007418A8 /* Main.storyboard */; };
		74ACF4DC1AD8D030007418A8 /* Images.xcassets in Resources */ = {isa = PBXBuildFile; fileRef = 74ACF4DB1AD8D030007418A8 /* Images.xcassets */; };
		74ACF4DF1AD8D030007418A8 /* LaunchScreen.xib in Resources */ = {isa = PBXBuildFile; fileRef = 74ACF4DD1AD8D030007418A8 /* LaunchScreen.xib */; };
		74ACF4EB1AD8D030007418A8 /* WatchAidTests.swift in Sources */ = {isa = PBXBuildFile; fileRef = 74ACF4EA1AD8D030007418A8 /* WatchAidTests.swift */; };
/* End PBXBuildFile section */

/* Begin PBXContainerItemProxy section */
		74ACF4E51AD8D030007418A8 /* PBXContainerItemProxy */ = {
			isa = PBXContainerItemProxy;
			containerPortal = 74ACF4C71AD8D030007418A8 /* Project object */;
			proxyType = 1;
			remoteGlobalIDString = 74ACF4CE1AD8D030007418A8;
			remoteInfo = WatchAid;
		};
/* End PBXContainerItemProxy section */

/* Begin PBXFileReference section */
		74ACF4CF1AD8D030007418A8 /* WatchAid.app */ = {isa = PBXFileReference; explicitFileType = wrapper.application; includeInIndex = 0; path = WatchAid.app; sourceTree = BUILT_PRODUCTS_DIR; };
		74ACF4D31AD8D030007418A8 /* Info.plist */ = {isa = PBXFileReference; lastKnownFileType = text.plist.xml; path = Info.plist; sourceTree = "<group>"; };
		74ACF4D41AD8D030007418A8 /* AppDelegate.swift */ = {isa = PBXFileReference; lastKnownFileType = sourcecode.swift; path = AppDelegate.swift; sourceTree = "<group>"; };
		74ACF4D61AD8D030007418A8 /* ViewController.swift */ = {isa = PBXFileReference; lastKnownFileType = sourcecode.swift; path = ViewController.swift; sourceTree = "<group>"; };
		74ACF4D91AD8D030007418A8 /* Base */ = {isa = PBXFileReference; lastKnownFileType = file.storyboard; name = Base; path = Base.lproj/Main.storyboard; sourceTree = "<group>"; };
		74ACF4DB1AD8D030007418A8 /* Images.xcassets */ = {isa = PBXFileReference; lastKnownFileType = folder.assetcatalog; path = Images.xcassets; sourceTree = "<group>"; };
		74ACF4DE1AD8D030007418A8 /* Base */ = {isa = PBXFileReference; lastKnownFileType = file.xib; name = Base; path = Base.lproj/LaunchScreen.xib; sourceTree = "<group>"; };
		74ACF4E41AD8D030007418A8 /* WatchAidTests.xctest */ = {isa = PBXFileReference; explicitFileType = wrapper.cfbundle; includeInIndex = 0; path = WatchAidTests.xctest; sourceTree = BUILT_PRODUCTS_DIR; };
		74ACF4E91AD8D030007418A8 /* Info.plist */ = {isa = PBXFileReference; lastKnownFileType = text.plist.xml; path = Info.plist; sourceTree = "<group>"; };
		74ACF4EA1AD8D030007418A8 /* WatchAidTests.swift */ = {isa = PBXFileReference; lastKnownFileType = sourcecode.swift; path = WatchAidTests.swift; sourceTree = "<group>"; };
/* End PBXFileReference section */

/* Begin PBXFrameworksBuildPhase section */
		74ACF4CC1AD8D030007418A8 /* Frameworks */ = {
			isa = PBXFrameworksBuildPhase;
			buildActionMask = 2147483647;
			files = (
			);
			runOnlyForDeploymentPostprocessing = 0;
		};
		74ACF4E11AD8D030007418A8 /* Frameworks */ = {
			isa = PBXFrameworksBuildPhase;
			buildActionMask = 2147483647;
			files = (
			);
			runOnlyForDeploymentPostprocessing = 0;
		};
/* End PBXFrameworksBuildPhase section */

/* Begin PBXGroup section */
		74ACF4C61AD8D030007418A8 = {
			isa = PBXGroup;
			children = (
				74ACF4D11AD8D030007418A8 /* WatchAid */,
				74ACF4E71AD8D030007418A8 /* WatchAidTests */,
				74ACF4D01AD8D030007418A8 /* Products */,
			);
			sourceTree = "<group>";
		};
		74ACF4D01AD8D030007418A8 /* Products */ = {
			isa = PBXGroup;
			children = (
				74ACF4CF1AD8D030007418A8 /* WatchAid.app */,
				74ACF4E41AD8D030007418A8 /* WatchAidTests.xctest */,
			);
			name = Products;
			sourceTree = "<group>";
		};
		74ACF4D11AD8D030007418A8 /* WatchAid */ = {
			isa = PBXGroup;
			children = (
				74ACF4D41AD8D030007418A8 /* AppDelegate.swift */,
				74ACF4D61AD8D030007418A8 /* ViewController.swift */,
				74ACF4D81AD8D030007418A8 /* Main.storyboard */,
				74ACF4DB1AD8D030007418A8 /* Images.xcassets */,
				74ACF4DD1AD8D030007418A8 /* LaunchScreen.xib */,
				74ACF4D21AD8D030007418A8 /* Supporting Files */,
			);
			path = WatchAid;
			sourceTree = "<group>";
		};
		74ACF4D21AD8D030007418A8 /* Supporting Files */ = {
			isa = PBXGroup;
			children = (
				74ACF4D31AD8D030007418A8 /* Info.plist */,
			);
			name = "Supporting Files";
			sourceTree = "<group>";
		};
		74ACF4E71AD8D030007418A8 /* WatchAidTests */ = {
			isa = PBXGroup;
			children = (
				74ACF4EA1AD8D030007418A8 /* WatchAidTests.swift */,
				74ACF4E81AD8D030007418A8 /* Supporting Files */,
			);
			path = WatchAidTests;
			sourceTree = "<group>";
		};
		74ACF4E81AD8D030007418A8 /* Supporting Files */ = {
			isa = PBXGroup;
			children = (
				74ACF4E91AD8D030007418A8 /* Info.plist */,
			);
			name = "Supporting Files";
			sourceTree = "<group>";
		};
/* End PBXGroup section */

/* Begin PBXNativeTarget section */
		74ACF4CE1AD8D030007418A8 /* WatchAid */ = {
			isa = PBXNativeTarget;
			buildConfigurationList = 74ACF4EE1AD8D030007418A8 /* Build configuration list for PBXNativeTarget "WatchAid" */;
			buildPhases = (
				74ACF4CB1AD8D030007418A8 /* Sources */,
				74ACF4CC1AD8D030007418A8 /* Frameworks */,
				74ACF4CD1AD8D030007418A8 /* Resources */,
			);
			buildRules = (
			);
			dependencies = (
			);
			name = WatchAid;
			productName = WatchAid;
			productReference = 74ACF4CF1AD8D030007418A8 /* WatchAid.app */;
			productType = "com.apple.product-type.application";
		};
		74ACF4E31AD8D030007418A8 /* WatchAidTests */ = {
			isa = PBXNativeTarget;
			buildConfigurationList = 74ACF4F11AD8D030007418A8 /* Build configuration list for PBXNativeTarget "WatchAidTests" */;
			buildPhases = (
				74ACF4E01AD8D030007418A8 /* Sources */,
				74ACF4E11AD8D030007418A8 /* Frameworks */,
				74ACF4E21AD8D030007418A8 /* Resources */,
			);
			buildRules = (
			);
			dependencies = (
				74ACF4E61AD8D030007418A8 /* PBXTargetDependency */,
			);
			name = WatchAidTests;
			productName = WatchAidTests;
			productReference = 74ACF4E41AD8D030007418A8 /* WatchAidTests.xctest */;
			productType = "com.apple.product-type.bundle.unit-test";
		};
/* End PBXNativeTarget section */

/* Begin PBXProject section */
		74ACF4C71AD8D030007418A8 /* Project object */ = {
			isa = PBXProject;
			attributes = {
				LastUpgradeCheck = 0630;
				ORGANIZATIONNAME = "Sean O'Keeffe";
				TargetAttributes = {
					74ACF4CE1AD8D030007418A8 = {
						CreatedOnToolsVersion = 6.3;
					};
					74ACF4E31AD8D030007418A8 = {
						CreatedOnToolsVersion = 6.3;
						TestTargetID = 74ACF4CE1AD8D030007418A8;
					};
				};
			};
			buildConfigurationList = 74ACF4CA1AD8D030007418A8 /* Build configuration list for PBXProject "WatchAid" */;
			compatibilityVersion = "Xcode 3.2";
			developmentRegion = English;
			hasScannedForEncodings = 0;
			knownRegions = (
				en,
				Base,
			);
			mainGroup = 74ACF4C61AD8D030007418A8;
			productRefGroup = 74ACF4D01AD8D030007418A8 /* Products */;
			projectDirPath = "";
			projectRoot = "";
			targets = (
				74ACF4CE1AD8D030007418A8 /* WatchAid */,
				74ACF4E31AD8D030007418A8 /* WatchAidTests */,
			);
		};
/* End PBXProject section */

/* Begin PBXResourcesBuildPhase section */
		74ACF4CD1AD8D030007418A8 /* Resources */ = {
			isa = PBXResourcesBuildPhase;
			buildActionMask = 2147483647;
			files = (
				74ACF4DA1AD8D030007418A8 /* Main.storyboard in Resources */,
				74ACF4DF1AD8D030007418A8 /* LaunchScreen.xib in Resources */,
				74ACF4DC1AD8D030007418A8 /* Images.xcassets in Resources */,
			);
			runOnlyForDeploymentPostprocessing = 0;
		};
		74ACF4E21AD8D030007418A8 /* Resources */ = {
			isa = PBXResourcesBuildPhase;
			buildActionMask = 2147483647;
			files = (
			);
			runOnlyForDeploymentPostprocessing = 0;
		};
/* End PBXResourcesBuildPhase section */

/* Begin PBXSourcesBuildPhase section */
		74ACF4CB1AD8D030007418A8 /* Sources */ = {
			isa = PBXSourcesBuildPhase;
			buildActionMask = 2147483647;
			files = (
				74ACF4D71AD8D030007418A8 /* ViewController.swift in Sources */,
				74ACF4D51AD8D030007418A8 /* AppDelegate.swift in Sources */,
			);
			runOnlyForDeploymentPostprocessing = 0;
		};
		74ACF4E01AD8D030007418A8 /* Sources */ = {
			isa = PBXSourcesBuildPhase;
			buildActionMask = 2147483647;
			files = (
				74ACF4EB1AD8D030007418A8 /* WatchAidTests.swift in Sources */,
			);
			runOnlyForDeploymentPostprocessing = 0;
		};
/* End PBXSourcesBuildPhase section */

/* Begin PBXTargetDependency section */
		74ACF4E61AD8D030007418A8 /* PBXTargetDependency */ = {
			isa = PBXTargetDependency;
			target = 74ACF4CE1AD8D030007418A8 /* WatchAid */;
			targetProxy = 74ACF4E51AD8D030007418A8 /* PBXContainerItemProxy */;
		};
/* End PBXTargetDependency section */

/* Begin PBXVariantGroup section */
		74ACF4D81AD8D030007418A8 /* Main.storyboard */ = {
			isa = PBXVariantGroup;
			children = (
				74ACF4D91AD8D030007418A8 /* Base */,
			);
			name = Main.storyboard;
			sourceTree = "<group>";
		};
		74ACF4DD1AD8D030007418A8 /* LaunchScreen.xib */ = {
			isa = PBXVariantGroup;
			children = (
				74ACF4DE1AD8D030007418A8 /* Base */,
			);
			name = LaunchScreen.xib;
			sourceTree = "<group>";
		};
/* End PBXVariantGroup section */

/* Begin XCBuildConfiguration section */
		74ACF4EC1AD8D030007418A8 /* Debug */ = {
			isa = XCBuildConfiguration;
			buildSettings = {
				ALWAYS_SEARCH_USER_PATHS = NO;
				CLANG_CXX_LANGUAGE_STANDARD = "gnu++0x";
				CLANG_CXX_LIBRARY = "libc++";
				CLANG_ENABLE_MODULES = YES;
				CLANG_ENABLE_OBJC_ARC = YES;
				CLANG_WARN_BOOL_CONVERSION = YES;
				CLANG_WARN_CONSTANT_CONVERSION = YES;
				CLANG_WARN_DIRECT_OBJC_ISA_USAGE = YES_ERROR;
				CLANG_WARN_EMPTY_BODY = YES;
				CLANG_WARN_ENUM_CONVERSION = YES;
				CLANG_WARN_INT_CONVERSION = YES;
				CLANG_WARN_OBJC_ROOT_CLASS = YES_ERROR;
				CLANG_WARN_UNREACHABLE_CODE = YES;
				CLANG_WARN__DUPLICATE_METHOD_MATCH = YES;
				"CODE_SIGN_IDENTITY[sdk=iphoneos*]" = "iPhone Developer";
				COPY_PHASE_STRIP = NO;
				DEBUG_INFORMATION_FORMAT = "dwarf-with-dsym";
				ENABLE_STRICT_OBJC_MSGSEND = YES;
				GCC_C_LANGUAGE_STANDARD = gnu99;
				GCC_DYNAMIC_NO_PIC = NO;
				GCC_NO_COMMON_BLOCKS = YES;
				GCC_OPTIMIZATION_LEVEL = 0;
				GCC_PREPROCESSOR_DEFINITIONS = (
					"DEBUG=1",
					"$(inherited)",
				);
				GCC_SYMBOLS_PRIVATE_EXTERN = NO;
				GCC_WARN_64_TO_32_BIT_CONVERSION = YES;
				GCC_WARN_ABOUT_RETURN_TYPE = YES_ERROR;
				GCC_WARN_UNDECLARED_SELECTOR = YES;
				GCC_WARN_UNINITIALIZED_AUTOS = YES_AGGRESSIVE;
				GCC_WARN_UNUSED_FUNCTION = YES;
				GCC_WARN_UNUSED_VARIABLE = YES;
				IPHONEOS_DEPLOYMENT_TARGET = 8.3;
				MTL_ENABLE_DEBUG_INFO = YES;
				ONLY_ACTIVE_ARCH = YES;
				SDKROOT = iphoneos;
				SWIFT_OPTIMIZATION_LEVEL = "-Onone";
			};
			name = Debug;
		};
		74ACF4ED1AD8D030007418A8 /* Release */ = {
			isa = XCBuildConfiguration;
			buildSettings = {
				ALWAYS_SEARCH_USER_PATHS = NO;
				CLANG_CXX_LANGUAGE_STANDARD = "gnu++0x";
				CLANG_CXX_LIBRARY = "libc++";
				CLANG_ENABLE_MODULES = YES;
				CLANG_ENABLE_OBJC_ARC = YES;
				CLANG_WARN_BOOL_CONVERSION = YES;
				CLANG_WARN_CONSTANT_CONVERSION = YES;
				CLANG_WARN_DIRECT_OBJC_ISA_USAGE = YES_ERROR;
				CLANG_WARN_EMPTY_BODY = YES;
				CLANG_WARN_ENUM_CONVERSION = YES;
				CLANG_WARN_INT_CONVERSION = YES;
				CLANG_WARN_OBJC_ROOT_CLASS = YES_ERROR;
				CLANG_WARN_UNREACHABLE_CODE = YES;
				CLANG_WARN__DUPLICATE_METHOD_MATCH = YES;
				"CODE_SIGN_IDENTITY[sdk=iphoneos*]" = "iPhone Developer";
				COPY_PHASE_STRIP = NO;
				DEBUG_INFORMATION_FORMAT = "dwarf-with-dsym";
				ENABLE_NS_ASSERTIONS = NO;
				ENABLE_STRICT_OBJC_MSGSEND = YES;
				GCC_C_LANGUAGE_STANDARD = gnu99;
				GCC_NO_COMMON_BLOCKS = YES;
				GCC_WARN_64_TO_32_BIT_CONVERSION = YES;
				GCC_WARN_ABOUT_RETURN_TYPE = YES_ERROR;
				GCC_WARN_UNDECLARED_SELECTOR = YES;
				GCC_WARN_UNINITIALIZED_AUTOS = YES_AGGRESSIVE;
				GCC_WARN_UNUSED_FUNCTION = YES;
				GCC_WARN_UNUSED_VARIABLE = YES;
				IPHONEOS_DEPLOYMENT_TARGET = 8.3;
				MTL_ENABLE_DEBUG_INFO = NO;
				SDKROOT = iphoneos;
				VALIDATE_PRODUCT = YES;
			};
			name = Release;
		};
		74ACF4EF1AD8D030007418A8 /* Debug */ = {
			isa = XCBuildConfiguration;
			buildSettings = {
				ASSETCATALOG_COMPILER_APPICON_NAME = AppIcon;
				INFOPLIST_FILE = WatchAid/Info.plist;
				LD_RUNPATH_SEARCH_PATHS = "$(inherited) @executable_path/Frameworks";
				PRODUCT_NAME = "$(TARGET_NAME)";
			};
			name = Debug;
		};
		74ACF4F01AD8D030007418A8 /* Release */ = {
			isa = XCBuildConfiguration;
			buildSettings = {
				ASSETCATALOG_COMPILER_APPICON_NAME = AppIcon;
				INFOPLIST_FILE = WatchAid/Info.plist;
				LD_RUNPATH_SEARCH_PATHS = "$(inherited) @executable_path/Frameworks";
				PRODUCT_NAME = "$(TARGET_NAME)";
			};
			name = Release;
		};
		74ACF4F21AD8D030007418A8 /* Debug */ = {
			isa = XCBuildConfiguration;
			buildSettings = {
				BUNDLE_LOADER = "$(TEST_HOST)";
				FRAMEWORK_SEARCH_PATHS = (
					"$(SDKROOT)/Developer/Library/Frameworks",
					"$(inherited)",
				);
				GCC_PREPROCESSOR_DEFINITIONS = (
					"DEBUG=1",
					"$(inherited)",
				);
				INFOPLIST_FILE = WatchAidTests/Info.plist;
				LD_RUNPATH_SEARCH_PATHS = "$(inherited) @executable_path/Frameworks @loader_path/Frameworks";
				PRODUCT_NAME = "$(TARGET_NAME)";
				TEST_HOST = "$(BUILT_PRODUCTS_DIR)/WatchAid.app/WatchAid";
			};
			name = Debug;
		};
		74ACF4F31AD8D030007418A8 /* Release */ = {
			isa = XCBuildConfiguration;
			buildSettings = {
				BUNDLE_LOADER = "$(TEST_HOST)";
				FRAMEWORK_SEARCH_PATHS = (
					"$(SDKROOT)/Developer/Library/Frameworks",
					"$(inherited)",
				);
				INFOPLIST_FILE = WatchAidTests/Info.plist;
				LD_RUNPATH_SEARCH_PATHS = "$(inherited) @executable_path/Frameworks @loader_path/Frameworks";
				PRODUCT_NAME = "$(TARGET_NAME)";
				TEST_HOST = "$(BUILT_PRODUCTS_DIR)/WatchAid.app/WatchAid";
			};
			name = Release;
		};
/* End XCBuildConfiguration section */

/* Begin XCConfigurationList section */
		74ACF4CA1AD8D030007418A8 /* Build configuration list for PBXProject "WatchAid" */ = {
			isa = XCConfigurationList;
			buildConfigurations = (
				74ACF4EC1AD8D030007418A8 /* Debug */,
				74ACF4ED1AD8D030007418A8 /* Release */,
			);
			defaultConfigurationIsVisible = 0;
			defaultConfigurationName = Release;
		};
		74ACF4EE1AD8D030007418A8 /* Build configuration list for PBXNativeTarget "WatchAid" */ = {
			isa = XCConfigurationList;
			buildConfigurations = (
				74ACF4EF1AD8D030007418A8 /* Debug */,
				74ACF4F01AD8D030007418A8 /* Release */,
			);
			defaultConfigurationIsVisible = 0;
		};
		74ACF4F11AD8D030007418A8 /* Build configuration list for PBXNativeTarget "WatchAidTests" */ = {
			isa = XCConfigurationList;
			buildConfigurations = (
				74ACF4F21AD8D030007418A8 /* Debug */,
				74ACF4F31AD8D030007418A8 /* Release */,
			);
			defaultConfigurationIsVisible = 0;
		};
/* End XCConfigurationList section */
	};
	rootObject = 74ACF4C71AD8D030007418A8 /* Project object */;
}
